
Microsoft Visual Studio Solution File, Format Version 12.00
# Visual Studio Version 17
VisualStudioVersion = 17.1.32421.90
MinimumVisualStudioVersion = 10.0.40219.1
Project("{FAE04EC0-301F-11D3-BF4B-00C04F79EFBC}") = "csharp-bibliotecaMvc", "csharp-bibliotecaMvc\csharp-bibliotecaMvc.csproj", "{A39E5A5E-3481-4214-8F94-652AAD7AF2AA}"
EndProject
Global
	GlobalSection(SolutionConfigurationPlatforms) = preSolution
		Debug|Any CPU = Debug|Any CPU
		Release|Any CPU = Release|Any CPU
	EndGlobalSection
	GlobalSection(ProjectConfigurationPlatforms) = postSolution
		{A39E5A5E-3481-4214-8F94-652AAD7AF2AA}.Debug|Any CPU.ActiveCfg = Debug|Any CPU
		{A39E5A5E-3481-4214-8F94-652AAD7AF2AA}.Debug|Any CPU.Build.0 = Debug|Any CPU
		{A39E5A5E-3481-4214-8F94-652AAD7AF2AA}.Release|Any CPU.ActiveCfg = Release|Any CPU
		{A39E5A5E-3481-4214-8F94-652AAD7AF2AA}.Release|Any CPU.Build.0 = Release|Any CPU
	EndGlobalSection
	GlobalSection(SolutionProperties) = preSolution
		HideSolutionNode = FALSE
	EndGlobalSection
	GlobalSection(ExtensibilityGlobals) = postSolution
		SolutionGuid = {CC72A018-CB30-4F79-BC36-029C6B8627C3}
	EndGlobalSection
EndGlobal
